
Microsoft Visual Studio Solution File, Format Version 12.00
# Visual Studio Version 17
VisualStudioVersion = 17.1.32328.378
MinimumVisualStudioVersion = 10.0.40219.1
Project("{FAE04EC0-301F-11D3-BF4B-00C04F79EFBC}") = "WhoIs", "WhoIs\WhoIs.csproj", "{457BA4DF-3AD4-4C83-AA2D-950B237EE209}"
EndProject
Global
	GlobalSection(SolutionConfigurationPlatforms) = preSolution
		Debug|Any CPU = Debug|Any CPU
		Release|Any CPU = Release|Any CPU
	EndGlobalSection
	GlobalSection(ProjectConfigurationPlatforms) = postSolution
		{457BA4DF-3AD4-4C83-AA2D-950B237EE209}.Debug|Any CPU.ActiveCfg = Debug|Any CPU
		{457BA4DF-3AD4-4C83-AA2D-950B237EE209}.Debug|Any CPU.Build.0 = Debug|Any CPU
		{457BA4DF-3AD4-4C83-AA2D-950B237EE209}.Release|Any CPU.ActiveCfg = Release|Any CPU
		{457BA4DF-3AD4-4C83-AA2D-950B237EE209}.Release|Any CPU.Build.0 = Release|Any CPU
	EndGlobalSection
	GlobalSection(SolutionProperties) = preSolution
		HideSolutionNode = FALSE
	EndGlobalSection
	GlobalSection(ExtensibilityGlobals) = postSolution
		SolutionGuid = {C83C3344-CE71-4561-AFE2-06438EC9038A}
	EndGlobalSection
EndGlobal
